
Microsoft Visual Studio Solution File, Format Version 12.00
# Visual Studio Version 17
VisualStudioVersion = 17.9.34701.34
MinimumVisualStudioVersion = 10.0.40219.1
Project("{9A19103F-16F7-4668-BE54-9A1E7A4F7556}") = "ClassLibrary1", "ClassLibrary1.csproj", "{578455A3-35E5-435F-9774-FA849D39F770}"
EndProject
Project("{FAE04EC0-301F-11D3-BF4B-00C04F79EFBC}") = "TestProject3", "..\TestProject3\TestProject3.csproj", "{208E3B24-139B-462E-BA93-A66D79C735A9}"
EndProject
Global
	GlobalSection(SolutionConfigurationPlatforms) = preSolution
		Debug|Any CPU = Debug|Any CPU
		Release|Any CPU = Release|Any CPU
	EndGlobalSection
	GlobalSection(ProjectConfigurationPlatforms) = postSolution
		{578455A3-35E5-435F-9774-FA849D39F770}.Debug|Any CPU.ActiveCfg = Debug|Any CPU
		{578455A3-35E5-435F-9774-FA849D39F770}.Debug|Any CPU.Build.0 = Debug|Any CPU
		{578455A3-35E5-435F-9774-FA849D39F770}.Release|Any CPU.ActiveCfg = Release|Any CPU
		{578455A3-35E5-435F-9774-FA849D39F770}.Release|Any CPU.Build.0 = Release|Any CPU
		{208E3B24-139B-462E-BA93-A66D79C735A9}.Debug|Any CPU.ActiveCfg = Debug|Any CPU
		{208E3B24-139B-462E-BA93-A66D79C735A9}.Debug|Any CPU.Build.0 = Debug|Any CPU
		{208E3B24-139B-462E-BA93-A66D79C735A9}.Release|Any CPU.ActiveCfg = Release|Any CPU
		{208E3B24-139B-462E-BA93-A66D79C735A9}.Release|Any CPU.Build.0 = Release|Any CPU
	EndGlobalSection
	GlobalSection(SolutionProperties) = preSolution
		HideSolutionNode = FALSE
	EndGlobalSection
	GlobalSection(ExtensibilityGlobals) = postSolution
		SolutionGuid = {8964EF72-4720-4C05-8902-5FFE51BA2BA4}
	EndGlobalSection
EndGlobal
